
Microsoft Visual Studio Solution File, Format Version 12.00
# Visual Studio Version 16
VisualStudioVersion = 16.0.30225.117
MinimumVisualStudioVersion = 10.0.40219.1
Project("{FAE04EC0-301F-11D3-BF4B-00C04F79EFBC}") = "MinhaPre", "MinhaPre\MinhaPre.csproj", "{9C8E7592-779B-40B5-BC66-A7A56A62DED9}"
EndProject
Global
	GlobalSection(SolutionConfigurationPlatforms) = preSolution
		Debug|Any CPU = Debug|Any CPU
		Release|Any CPU = Release|Any CPU
	EndGlobalSection
	GlobalSection(ProjectConfigurationPlatforms) = postSolution
		{9C8E7592-779B-40B5-BC66-A7A56A62DED9}.Debug|Any CPU.ActiveCfg = Debug|Any CPU
		{9C8E7592-779B-40B5-BC66-A7A56A62DED9}.Debug|Any CPU.Build.0 = Debug|Any CPU
		{9C8E7592-779B-40B5-BC66-A7A56A62DED9}.Release|Any CPU.ActiveCfg = Release|Any CPU
		{9C8E7592-779B-40B5-BC66-A7A56A62DED9}.Release|Any CPU.Build.0 = Release|Any CPU
	EndGlobalSection
	GlobalSection(SolutionProperties) = preSolution
		HideSolutionNode = FALSE
	EndGlobalSection
	GlobalSection(ExtensibilityGlobals) = postSolution
		SolutionGuid = {41E06B74-42A1-4AFC-A0CC-1B941E9C6EEF}
	EndGlobalSection
EndGlobal
